
Microsoft Visual Studio Solution File, Format Version 12.00
# Visual Studio Version 17
VisualStudioVersion = 17.5.002.0
MinimumVisualStudioVersion = 10.0.40219.1
Project("{9A19103F-16F7-4668-BE54-9A1E7A4F7556}") = "2_03_2023_nevsehir_mvc", "2_03_2023_nevsehir_mvc.csproj", "{044C51F6-BE04-45B3-9825-709B6535E79D}"
EndProject
Global
	GlobalSection(SolutionConfigurationPlatforms) = preSolution
		Debug|Any CPU = Debug|Any CPU
		Release|Any CPU = Release|Any CPU
	EndGlobalSection
	GlobalSection(ProjectConfigurationPlatforms) = postSolution
		{044C51F6-BE04-45B3-9825-709B6535E79D}.Debug|Any CPU.ActiveCfg = Debug|Any CPU
		{044C51F6-BE04-45B3-9825-709B6535E79D}.Debug|Any CPU.Build.0 = Debug|Any CPU
		{044C51F6-BE04-45B3-9825-709B6535E79D}.Release|Any CPU.ActiveCfg = Release|Any CPU
		{044C51F6-BE04-45B3-9825-709B6535E79D}.Release|Any CPU.Build.0 = Release|Any CPU
	EndGlobalSection
	GlobalSection(SolutionProperties) = preSolution
		HideSolutionNode = FALSE
	EndGlobalSection
	GlobalSection(ExtensibilityGlobals) = postSolution
		SolutionGuid = {00EE651F-ED84-45AD-9FD8-F0DDD51A19A7}
	EndGlobalSection
EndGlobal
